
Microsoft Visual Studio Solution File, Format Version 12.00
# Visual Studio Version 16
VisualStudioVersion = 16.0.28729.10
MinimumVisualStudioVersion = 10.0.40219.1
Project("{9A19103F-16F7-4668-BE54-9A1E7A4F7556}") = "MyFirstConsoleApplication", "MyFirstConsoleApplication\MyFirstConsoleApplication.csproj", "{31580B69-D702-4344-9E36-4087AF56C29D}"
EndProject
Project("{FAE04EC0-301F-11D3-BF4B-00C04F79EFBC}") = "MyFirstConsoleApplicaitonUnitTests", "MyFirstConsoleApplicaitonUnitTests\MyFirstConsoleApplicaitonUnitTests.csproj", "{01779194-292A-49E0-B023-2A44194DC265}"
EndProject
Global
	GlobalSection(SolutionConfigurationPlatforms) = preSolution
		Debug|Any CPU = Debug|Any CPU
		Release|Any CPU = Release|Any CPU
	EndGlobalSection
	GlobalSection(ProjectConfigurationPlatforms) = postSolution
		{31580B69-D702-4344-9E36-4087AF56C29D}.Debug|Any CPU.ActiveCfg = Debug|Any CPU
		{31580B69-D702-4344-9E36-4087AF56C29D}.Debug|Any CPU.Build.0 = Debug|Any CPU
		{31580B69-D702-4344-9E36-4087AF56C29D}.Release|Any CPU.ActiveCfg = Release|Any CPU
		{31580B69-D702-4344-9E36-4087AF56C29D}.Release|Any CPU.Build.0 = Release|Any CPU
		{01779194-292A-49E0-B023-2A44194DC265}.Debug|Any CPU.ActiveCfg = Debug|Any CPU
		{01779194-292A-49E0-B023-2A44194DC265}.Debug|Any CPU.Build.0 = Debug|Any CPU
		{01779194-292A-49E0-B023-2A44194DC265}.Release|Any CPU.ActiveCfg = Release|Any CPU
		{01779194-292A-49E0-B023-2A44194DC265}.Release|Any CPU.Build.0 = Release|Any CPU
	EndGlobalSection
	GlobalSection(SolutionProperties) = preSolution
		HideSolutionNode = FALSE
	EndGlobalSection
	GlobalSection(ExtensibilityGlobals) = postSolution
		SolutionGuid = {878CBF0E-7EBC-43B7-BF1C-5F88246FC448}
	EndGlobalSection
EndGlobal
